
Microsoft Visual Studio Solution File, Format Version 12.00
# Visual Studio 2012
Project("{2150E333-8FDC-42A3-9474-1A3956D46DE8}") = "0. Core", "0. Core", "{EF73D41F-B4CA-492E-A5F1-2CFCE9E44E60}"
EndProject
Project("{2150E333-8FDC-42A3-9474-1A3956D46DE8}") = "1. Infrastructure", "1. Infrastructure", "{D5A42D8C-3DED-446F-AC06-0ECDDC03BDE5}"
EndProject
Project("{2150E333-8FDC-42A3-9474-1A3956D46DE8}") = "2. Domain", "2. Domain", "{BCAB3226-B7E1-4710-B1A2-CF12AF102E2E}"
EndProject
Project("{2150E333-8FDC-42A3-9474-1A3956D46DE8}") = "3. Modules", "3. Modules", "{4F9866D6-6BD1-49D8-9BCE-AB40AD684AB3}"
EndProject
Project("{2150E333-8FDC-42A3-9474-1A3956D46DE8}") = "5. Facade", "5. Facade", "{CE130E86-EF23-4E85-A60A-0CAAAFD55B30}"
EndProject
Project("{2150E333-8FDC-42A3-9474-1A3956D46DE8}") = "Cache", "Cache", "{772B0EC8-949D-4099-8506-0F476585F63D}"
EndProject
Project("{FAE04EC0-301F-11D3-BF4B-00C04F79EFBC}") = "Marketplace.Infrastructure.DAL", "Marketplace.Infrastructure.DAL\Marketplace.Infrastructure.DAL.csproj", "{EAF0E338-9690-4A84-9880-AF08B3AF5473}"
EndProject
Project("{2150E333-8FDC-42A3-9474-1A3956D46DE8}") = "6. Presentation", "6. Presentation", "{D66362B6-D644-40A5-B1D3-2389F4F4FBF7}"
EndProject
Project("{2150E333-8FDC-42A3-9474-1A3956D46DE8}") = "Administrator", "Administrator", "{A9FAE945-69F5-4A11-AAF0-BF1E4B0DAAB2}"
EndProject
Project("{2150E333-8FDC-42A3-9474-1A3956D46DE8}") = "Merchant", "Merchant", "{7CAEC99C-9BF7-4155-BF19-95A6ECB8DC97}"
EndProject
Project("{FAE04EC0-301F-11D3-BF4B-00C04F79EFBC}") = "Marketplace.Facade.Cache.CachingControl", "Marketplace.Facade.Cache.CachingControl\Marketplace.Facade.Cache.CachingControl.csproj", "{F6F340D8-A44B-47BB-90A4-2A2258AB77EE}"
EndProject
Project("{FAE04EC0-301F-11D3-BF4B-00C04F79EFBC}") = "Marketplace.Domain", "Marketplace.Domain\Marketplace.Domain.csproj", "{1935F2E3-C959-4DCC-A7F9-41C467B70171}"
EndProject
Project("{2150E333-8FDC-42A3-9474-1A3956D46DE8}") = "ImportExportModule", "ImportExportModule", "{35D566D0-F5B0-4022-97C6-B83F01E09D53}"
EndProject
Project("{FAE04EC0-301F-11D3-BF4B-00C04F79EFBC}") = "Marketplace.ImportExportModule", "Marketplace.ImportExportModule\Marketplace.ImportExportModule.csproj", "{83E64437-060E-4DCC-993D-FFA9502DD11C}"
EndProject
Project("{2150E333-8FDC-42A3-9474-1A3956D46DE8}") = "Administrator", "Administrator", "{63179F20-0497-4977-A32D-B0AC5D7B2522}"
EndProject
Project("{FAE04EC0-301F-11D3-BF4B-00C04F79EFBC}") = "Marketplace.Application.Administrator.DTO", "Marketplace.Administrator.DTO\Marketplace.Application.Administrator.DTO.csproj", "{1D8A3C73-3A4D-4E35-9919-4C23ADED2F80}"
EndProject
Project("{FAE04EC0-301F-11D3-BF4B-00C04F79EFBC}") = "Marketplace.Application.Administrator", "Marketplace.Administrator\Marketplace.Application.Administrator.csproj", "{55D04E99-73B7-4C2F-BAC4-EF916A22BF7D}"
EndProject
Project("{FAE04EC0-301F-11D3-BF4B-00C04F79EFBC}") = "Marketplace.Core", "Marketplace.Core\Marketplace.Core.csproj", "{FEFF08B0-2C05-4452-AC5B-99182AFB4F77}"
EndProject
Project("{2150E333-8FDC-42A3-9474-1A3956D46DE8}") = "0. 2. Security", "0. 2. Security", "{68E803D7-FAA9-4674-8689-E63C3537A24A}"
EndProject
Project("{FAE04EC0-301F-11D3-BF4B-00C04F79EFBC}") = "Marketplace.Security", "Marketplace.Security\Marketplace.Security.csproj", "{4E3F0D6D-E7B2-44B9-A9DC-4442E5E34DB3}"
EndProject
Project("{FAE04EC0-301F-11D3-BF4B-00C04F79EFBC}") = "Marketplace.Infrastructure.Contracts", "Marketplace.Infrastructure.Contracts\Marketplace.Infrastructure.Contracts.csproj", "{746B7982-127E-4E93-9AE6-1793F7BF92E9}"
EndProject
Project("{2150E333-8FDC-42A3-9474-1A3956D46DE8}") = ".nuget", ".nuget", "{614D200A-C13B-4056-ABAF-17A855284BF5}"
	ProjectSection(SolutionItems) = preProject
		.nuget\NuGet.Config = .nuget\NuGet.Config
		.nuget\NuGet.exe = .nuget\NuGet.exe
		.nuget\NuGet.targets = .nuget\NuGet.targets
	EndProjectSection
EndProject
Project("{FAE04EC0-301F-11D3-BF4B-00C04F79EFBC}") = "Marketplace.DistributedServices.API", "Marketplace.DistributedServices.API\Marketplace.DistributedServices.API.csproj", "{02AAC14E-14EB-4AB6-957A-FEC34272D021}"
EndProject
Project("{2150E333-8FDC-42A3-9474-1A3956D46DE8}") = "0. 1. Core", "0. 1. Core", "{3C367485-31EA-4FDC-A3AA-AAD4CD8A3D50}"
EndProject
Project("{2150E333-8FDC-42A3-9474-1A3956D46DE8}") = "1. 1. Repository", "1. 1. Repository", "{A7F27170-9E18-4691-8FEC-8DC4F59413F0}"
EndProject
Project("{2150E333-8FDC-42A3-9474-1A3956D46DE8}") = "1. 2. DAL", "1. 2. DAL", "{1BE50F01-7FB2-4232-B65C-60F6BB4F68C9}"
EndProject
Project("{2150E333-8FDC-42A3-9474-1A3956D46DE8}") = "2. 1. Marketplace Context", "2. 1. Marketplace Context", "{CCCA4F73-1BFE-437E-A528-2749A9817834}"
EndProject
Project("{2150E333-8FDC-42A3-9474-1A3956D46DE8}") = "4. Application", "4. Application", "{1555A8AA-D06B-4FDC-8D40-BACD72B941AD}"
EndProject
Project("{FAE04EC0-301F-11D3-BF4B-00C04F79EFBC}") = "Marketplace.Infrastructure.Repository", "Marketplace.Infrastructure.Repository\Marketplace.Infrastructure.Repository.csproj", "{3E88C8F4-F166-4F0D-9212-5227F74921C3}"
EndProject
Project("{2150E333-8FDC-42A3-9474-1A3956D46DE8}") = "1. 1. 1. Security Context", "1. 1. 1. Security Context", "{3DB353BA-90BC-450C-B207-79EE895651E1}"
EndProject
Project("{FAE04EC0-301F-11D3-BF4B-00C04F79EFBC}") = "Marketplace.Infrastructure.SecurityContext", "Marketplace.Infrastructure.SecurityContext\Marketplace.Infrastructure.SecurityContext.csproj", "{D33EE72F-3B6D-4BB7-835E-178DF85EAC07}"
EndProject
Global
	GlobalSection(SolutionConfigurationPlatforms) = preSolution
		Debug|Any CPU = Debug|Any CPU
		Release|Any CPU = Release|Any CPU
	EndGlobalSection
	GlobalSection(ProjectConfigurationPlatforms) = postSolution
		{EAF0E338-9690-4A84-9880-AF08B3AF5473}.Debug|Any CPU.ActiveCfg = Debug|Any CPU
		{EAF0E338-9690-4A84-9880-AF08B3AF5473}.Debug|Any CPU.Build.0 = Debug|Any CPU
		{EAF0E338-9690-4A84-9880-AF08B3AF5473}.Release|Any CPU.ActiveCfg = Release|Any CPU
		{EAF0E338-9690-4A84-9880-AF08B3AF5473}.Release|Any CPU.Build.0 = Release|Any CPU
		{F6F340D8-A44B-47BB-90A4-2A2258AB77EE}.Debug|Any CPU.ActiveCfg = Debug|Any CPU
		{F6F340D8-A44B-47BB-90A4-2A2258AB77EE}.Debug|Any CPU.Build.0 = Debug|Any CPU
		{F6F340D8-A44B-47BB-90A4-2A2258AB77EE}.Release|Any CPU.ActiveCfg = Release|Any CPU
		{F6F340D8-A44B-47BB-90A4-2A2258AB77EE}.Release|Any CPU.Build.0 = Release|Any CPU
		{1935F2E3-C959-4DCC-A7F9-41C467B70171}.Debug|Any CPU.ActiveCfg = Debug|Any CPU
		{1935F2E3-C959-4DCC-A7F9-41C467B70171}.Debug|Any CPU.Build.0 = Debug|Any CPU
		{1935F2E3-C959-4DCC-A7F9-41C467B70171}.Release|Any CPU.ActiveCfg = Release|Any CPU
		{1935F2E3-C959-4DCC-A7F9-41C467B70171}.Release|Any CPU.Build.0 = Release|Any CPU
		{83E64437-060E-4DCC-993D-FFA9502DD11C}.Debug|Any CPU.ActiveCfg = Debug|Any CPU
		{83E64437-060E-4DCC-993D-FFA9502DD11C}.Debug|Any CPU.Build.0 = Debug|Any CPU
		{83E64437-060E-4DCC-993D-FFA9502DD11C}.Release|Any CPU.ActiveCfg = Release|Any CPU
		{83E64437-060E-4DCC-993D-FFA9502DD11C}.Release|Any CPU.Build.0 = Release|Any CPU
		{1D8A3C73-3A4D-4E35-9919-4C23ADED2F80}.Debug|Any CPU.ActiveCfg = Debug|Any CPU
		{1D8A3C73-3A4D-4E35-9919-4C23ADED2F80}.Debug|Any CPU.Build.0 = Debug|Any CPU
		{1D8A3C73-3A4D-4E35-9919-4C23ADED2F80}.Release|Any CPU.ActiveCfg = Release|Any CPU
		{1D8A3C73-3A4D-4E35-9919-4C23ADED2F80}.Release|Any CPU.Build.0 = Release|Any CPU
		{55D04E99-73B7-4C2F-BAC4-EF916A22BF7D}.Debug|Any CPU.ActiveCfg = Debug|Any CPU
		{55D04E99-73B7-4C2F-BAC4-EF916A22BF7D}.Debug|Any CPU.Build.0 = Debug|Any CPU
		{55D04E99-73B7-4C2F-BAC4-EF916A22BF7D}.Release|Any CPU.ActiveCfg = Release|Any CPU
		{55D04E99-73B7-4C2F-BAC4-EF916A22BF7D}.Release|Any CPU.Build.0 = Release|Any CPU
		{FEFF08B0-2C05-4452-AC5B-99182AFB4F77}.Debug|Any CPU.ActiveCfg = Debug|Any CPU
		{FEFF08B0-2C05-4452-AC5B-99182AFB4F77}.Debug|Any CPU.Build.0 = Debug|Any CPU
		{FEFF08B0-2C05-4452-AC5B-99182AFB4F77}.Release|Any CPU.ActiveCfg = Release|Any CPU
		{FEFF08B0-2C05-4452-AC5B-99182AFB4F77}.Release|Any CPU.Build.0 = Release|Any CPU
		{4E3F0D6D-E7B2-44B9-A9DC-4442E5E34DB3}.Debug|Any CPU.ActiveCfg = Debug|Any CPU
		{4E3F0D6D-E7B2-44B9-A9DC-4442E5E34DB3}.Debug|Any CPU.Build.0 = Debug|Any CPU
		{4E3F0D6D-E7B2-44B9-A9DC-4442E5E34DB3}.Release|Any CPU.ActiveCfg = Release|Any CPU
		{4E3F0D6D-E7B2-44B9-A9DC-4442E5E34DB3}.Release|Any CPU.Build.0 = Release|Any CPU
		{746B7982-127E-4E93-9AE6-1793F7BF92E9}.Debug|Any CPU.ActiveCfg = Debug|Any CPU
		{746B7982-127E-4E93-9AE6-1793F7BF92E9}.Debug|Any CPU.Build.0 = Debug|Any CPU
		{746B7982-127E-4E93-9AE6-1793F7BF92E9}.Release|Any CPU.ActiveCfg = Release|Any CPU
		{746B7982-127E-4E93-9AE6-1793F7BF92E9}.Release|Any CPU.Build.0 = Release|Any CPU
		{02AAC14E-14EB-4AB6-957A-FEC34272D021}.Debug|Any CPU.ActiveCfg = Debug|Any CPU
		{02AAC14E-14EB-4AB6-957A-FEC34272D021}.Debug|Any CPU.Build.0 = Debug|Any CPU
		{02AAC14E-14EB-4AB6-957A-FEC34272D021}.Release|Any CPU.ActiveCfg = Release|Any CPU
		{02AAC14E-14EB-4AB6-957A-FEC34272D021}.Release|Any CPU.Build.0 = Release|Any CPU
		{3E88C8F4-F166-4F0D-9212-5227F74921C3}.Debug|Any CPU.ActiveCfg = Debug|Any CPU
		{3E88C8F4-F166-4F0D-9212-5227F74921C3}.Debug|Any CPU.Build.0 = Debug|Any CPU
		{3E88C8F4-F166-4F0D-9212-5227F74921C3}.Release|Any CPU.ActiveCfg = Release|Any CPU
		{3E88C8F4-F166-4F0D-9212-5227F74921C3}.Release|Any CPU.Build.0 = Release|Any CPU
		{D33EE72F-3B6D-4BB7-835E-178DF85EAC07}.Debug|Any CPU.ActiveCfg = Debug|Any CPU
		{D33EE72F-3B6D-4BB7-835E-178DF85EAC07}.Debug|Any CPU.Build.0 = Debug|Any CPU
		{D33EE72F-3B6D-4BB7-835E-178DF85EAC07}.Release|Any CPU.ActiveCfg = Release|Any CPU
		{D33EE72F-3B6D-4BB7-835E-178DF85EAC07}.Release|Any CPU.Build.0 = Release|Any CPU
	EndGlobalSection
	GlobalSection(SolutionProperties) = preSolution
		HideSolutionNode = FALSE
	EndGlobalSection
	GlobalSection(NestedProjects) = preSolution
		{3C367485-31EA-4FDC-A3AA-AAD4CD8A3D50} = {EF73D41F-B4CA-492E-A5F1-2CFCE9E44E60}
		{68E803D7-FAA9-4674-8689-E63C3537A24A} = {EF73D41F-B4CA-492E-A5F1-2CFCE9E44E60}
		{1BE50F01-7FB2-4232-B65C-60F6BB4F68C9} = {D5A42D8C-3DED-446F-AC06-0ECDDC03BDE5}
		{A7F27170-9E18-4691-8FEC-8DC4F59413F0} = {D5A42D8C-3DED-446F-AC06-0ECDDC03BDE5}
		{CCCA4F73-1BFE-437E-A528-2749A9817834} = {BCAB3226-B7E1-4710-B1A2-CF12AF102E2E}
		{35D566D0-F5B0-4022-97C6-B83F01E09D53} = {4F9866D6-6BD1-49D8-9BCE-AB40AD684AB3}
		{63179F20-0497-4977-A32D-B0AC5D7B2522} = {4F9866D6-6BD1-49D8-9BCE-AB40AD684AB3}
		{772B0EC8-949D-4099-8506-0F476585F63D} = {CE130E86-EF23-4E85-A60A-0CAAAFD55B30}
		{02AAC14E-14EB-4AB6-957A-FEC34272D021} = {CE130E86-EF23-4E85-A60A-0CAAAFD55B30}
		{F6F340D8-A44B-47BB-90A4-2A2258AB77EE} = {772B0EC8-949D-4099-8506-0F476585F63D}
		{EAF0E338-9690-4A84-9880-AF08B3AF5473} = {1BE50F01-7FB2-4232-B65C-60F6BB4F68C9}
		{A9FAE945-69F5-4A11-AAF0-BF1E4B0DAAB2} = {D66362B6-D644-40A5-B1D3-2389F4F4FBF7}
		{7CAEC99C-9BF7-4155-BF19-95A6ECB8DC97} = {D66362B6-D644-40A5-B1D3-2389F4F4FBF7}
		{1935F2E3-C959-4DCC-A7F9-41C467B70171} = {CCCA4F73-1BFE-437E-A528-2749A9817834}
		{83E64437-060E-4DCC-993D-FFA9502DD11C} = {35D566D0-F5B0-4022-97C6-B83F01E09D53}
		{1D8A3C73-3A4D-4E35-9919-4C23ADED2F80} = {63179F20-0497-4977-A32D-B0AC5D7B2522}
		{55D04E99-73B7-4C2F-BAC4-EF916A22BF7D} = {63179F20-0497-4977-A32D-B0AC5D7B2522}
		{FEFF08B0-2C05-4452-AC5B-99182AFB4F77} = {3C367485-31EA-4FDC-A3AA-AAD4CD8A3D50}
		{4E3F0D6D-E7B2-44B9-A9DC-4442E5E34DB3} = {68E803D7-FAA9-4674-8689-E63C3537A24A}
		{746B7982-127E-4E93-9AE6-1793F7BF92E9} = {A7F27170-9E18-4691-8FEC-8DC4F59413F0}
		{3E88C8F4-F166-4F0D-9212-5227F74921C3} = {A7F27170-9E18-4691-8FEC-8DC4F59413F0}
		{3DB353BA-90BC-450C-B207-79EE895651E1} = {A7F27170-9E18-4691-8FEC-8DC4F59413F0}
		{D33EE72F-3B6D-4BB7-835E-178DF85EAC07} = {3DB353BA-90BC-450C-B207-79EE895651E1}
	EndGlobalSection
EndGlobal
